// !$*UTF8*$!
{
	archiveVersion = 1;
	classes = {
	};
	objectVersion = 56;
	objects = {

/* Begin PBXBuildFile section */
		AD470F8E2A90030E0074A3E4 /* BustleApp.swift in Sources */ = {isa = PBXBuildFile; fileRef = AD470F8D2A90030E0074A3E4 /* BustleApp.swift */; };
		AD470F902A90030E0074A3E4 /* ContentView.swift in Sources */ = {isa = PBXBuildFile; fileRef = AD470F8F2A90030E0074A3E4 /* ContentView.swift */; };
		AD470F922A9003110074A3E4 /* Assets.xcassets in Resources */ = {isa = PBXBuildFile; fileRef = AD470F912A9003110074A3E4 /* Assets.xcassets */; };
		AD470F962A9003110074A3E4 /* Preview Assets.xcassets in Resources */ = {isa = PBXBuildFile; fileRef = AD470F952A9003110074A3E4 /* Preview Assets.xcassets */; };
		AD470F9D2A9014310074A3E4 /* Models.swift in Sources */ = {isa = PBXBuildFile; fileRef = AD470F9C2A9014310074A3E4 /* Models.swift */; };
		AD470FA42A9015800074A3E4 /* GenericApi.swift in Sources */ = {isa = PBXBuildFile; fileRef = AD470FA12A9015800074A3E4 /* GenericApi.swift */; };
		AD470FA52A9015800074A3E4 /* Client.swift in Sources */ = {isa = PBXBuildFile; fileRef = AD470FA22A9015800074A3E4 /* Client.swift */; };
		AD470FA62A9015800074A3E4 /* ApiError.swift in Sources */ = {isa = PBXBuildFile; fileRef = AD470FA32A9015800074A3E4 /* ApiError.swift */; };
		AD470FA82A9015D00074A3E4 /* Constants.swift in Sources */ = {isa = PBXBuildFile; fileRef = AD470FA72A9015D00074A3E4 /* Constants.swift */; };
		AD8F707D2A991EDD00356CBD /* Polyline in Frameworks */ = {isa = PBXBuildFile; productRef = AD8F707C2A991EDD00356CBD /* Polyline */; };
		AD8F707F2A992EA700356CBD /* ViewModel.swift in Sources */ = {isa = PBXBuildFile; fileRef = AD8F707E2A992EA700356CBD /* ViewModel.swift */; };
		AD8F70812A9940E700356CBD /* RouteRow.swift in Sources */ = {isa = PBXBuildFile; fileRef = AD8F70802A9940E700356CBD /* RouteRow.swift */; };
		AD8F70832A9940FF00356CBD /* BusCountIcon.swift in Sources */ = {isa = PBXBuildFile; fileRef = AD8F70822A9940FF00356CBD /* BusCountIcon.swift */; };
		AD9872C62A97A9040046C8A4 /* BusCountIcon.swift in Sources */ = {isa = PBXBuildFile; fileRef = AD9872C52A97A9040046C8A4 /* BusCountIcon.swift */; };
/* End PBXBuildFile section */

/* Begin PBXFileReference section */
		AD470F8A2A90030E0074A3E4 /* Bustle.app */ = {isa = PBXFileReference; explicitFileType = wrapper.application; includeInIndex = 0; path = Bustle.app; sourceTree = BUILT_PRODUCTS_DIR; };
		AD470F8D2A90030E0074A3E4 /* BustleApp.swift */ = {isa = PBXFileReference; lastKnownFileType = sourcecode.swift; path = BustleApp.swift; sourceTree = "<group>"; };
		AD470F8F2A90030E0074A3E4 /* ContentView.swift */ = {isa = PBXFileReference; lastKnownFileType = sourcecode.swift; path = ContentView.swift; sourceTree = "<group>"; };
		AD470F912A9003110074A3E4 /* Assets.xcassets */ = {isa = PBXFileReference; lastKnownFileType = folder.assetcatalog; path = Assets.xcassets; sourceTree = "<group>"; };
		AD470F932A9003110074A3E4 /* Bustle.entitlements */ = {isa = PBXFileReference; lastKnownFileType = text.plist.entitlements; path = Bustle.entitlements; sourceTree = "<group>"; };
		AD470F952A9003110074A3E4 /* Preview Assets.xcassets */ = {isa = PBXFileReference; lastKnownFileType = folder.assetcatalog; path = "Preview Assets.xcassets"; sourceTree = "<group>"; };
		AD470F9C2A9014310074A3E4 /* Models.swift */ = {isa = PBXFileReference; lastKnownFileType = sourcecode.swift; path = Models.swift; sourceTree = "<group>"; };
		AD470FA12A9015800074A3E4 /* GenericApi.swift */ = {isa = PBXFileReference; fileEncoding = 4; lastKnownFileType = sourcecode.swift; path = GenericApi.swift; sourceTree = "<group>"; };
		AD470FA22A9015800074A3E4 /* Client.swift */ = {isa = PBXFileReference; fileEncoding = 4; lastKnownFileType = sourcecode.swift; path = Client.swift; sourceTree = "<group>"; };
		AD470FA32A9015800074A3E4 /* ApiError.swift */ = {isa = PBXFileReference; fileEncoding = 4; lastKnownFileType = sourcecode.swift; path = ApiError.swift; sourceTree = "<group>"; };
		AD470FA72A9015D00074A3E4 /* Constants.swift */ = {isa = PBXFileReference; lastKnownFileType = sourcecode.swift; path = Constants.swift; sourceTree = "<group>"; };
		AD8F707E2A992EA700356CBD /* ViewModel.swift */ = {isa = PBXFileReference; lastKnownFileType = sourcecode.swift; path = ViewModel.swift; sourceTree = "<group>"; };
		AD8F70802A9940E700356CBD /* RouteRow.swift */ = {isa = PBXFileReference; fileEncoding = 4; lastKnownFileType = sourcecode.swift; path = RouteRow.swift; sourceTree = "<group>"; };
		AD8F70822A9940FF00356CBD /* BusCountIcon.swift */ = {isa = PBXFileReference; fileEncoding = 4; lastKnownFileType = sourcecode.swift; path = BusCountIcon.swift; sourceTree = "<group>"; };
		AD9872C52A97A9040046C8A4 /* BusCountIcon.swift */ = {isa = PBXFileReference; lastKnownFileType = sourcecode.swift; path = BusCountIcon.swift; sourceTree = "<group>"; };
/* End PBXFileReference section */

/* Begin PBXFrameworksBuildPhase section */
		AD470F872A90030E0074A3E4 /* Frameworks */ = {
			isa = PBXFrameworksBuildPhase;
			buildActionMask = 2147483647;
			files = (
				AD8F707D2A991EDD00356CBD /* Polyline in Frameworks */,
			);
			runOnlyForDeploymentPostprocessing = 0;
		};
/* End PBXFrameworksBuildPhase section */

/* Begin PBXGroup section */
		AD470F812A90030E0074A3E4 = {
			isa = PBXGroup;
			children = (
				AD8F70822A9940FF00356CBD /* BusCountIcon.swift */,
				AD8F70802A9940E700356CBD /* RouteRow.swift */,
				AD8F707E2A992EA700356CBD /* ViewModel.swift */,
				AD9872C52A97A9040046C8A4 /* BusCountIcon.swift */,
				AD470FA02A9015560074A3E4 /* Networking */,
				AD470F9C2A9014310074A3E4 /* Models.swift */,
				AD470F8C2A90030E0074A3E4 /* Bustle */,
				AD470F8B2A90030E0074A3E4 /* Products */,
			);
			sourceTree = "<group>";
		};
		AD470F8B2A90030E0074A3E4 /* Products */ = {
			isa = PBXGroup;
			children = (
				AD470F8A2A90030E0074A3E4 /* Bustle.app */,
			);
			name = Products;
			sourceTree = "<group>";
		};
		AD470F8C2A90030E0074A3E4 /* Bustle */ = {
			isa = PBXGroup;
			children = (
				AD470F8D2A90030E0074A3E4 /* BustleApp.swift */,
				AD470F8F2A90030E0074A3E4 /* ContentView.swift */,
				AD470FA72A9015D00074A3E4 /* Constants.swift */,
				AD470F912A9003110074A3E4 /* Assets.xcassets */,
				AD470F932A9003110074A3E4 /* Bustle.entitlements */,
				AD470F942A9003110074A3E4 /* Preview Content */,
			);
			path = Bustle;
			sourceTree = "<group>";
		};
		AD470F942A9003110074A3E4 /* Preview Content */ = {
			isa = PBXGroup;
			children = (
				AD470F952A9003110074A3E4 /* Preview Assets.xcassets */,
			);
			path = "Preview Content";
			sourceTree = "<group>";
		};
		AD470FA02A9015560074A3E4 /* Networking */ = {
			isa = PBXGroup;
			children = (
				AD470FA32A9015800074A3E4 /* ApiError.swift */,
				AD470FA22A9015800074A3E4 /* Client.swift */,
				AD470FA12A9015800074A3E4 /* GenericApi.swift */,
			);
			path = Networking;
			sourceTree = "<group>";
		};
/* End PBXGroup section */

/* Begin PBXNativeTarget section */
		AD470F892A90030E0074A3E4 /* Bustle */ = {
			isa = PBXNativeTarget;
			buildConfigurationList = AD470F992A9003110074A3E4 /* Build configuration list for PBXNativeTarget "Bustle" */;
			buildPhases = (
				AD470F862A90030E0074A3E4 /* Sources */,
				AD470F872A90030E0074A3E4 /* Frameworks */,
				AD470F882A90030E0074A3E4 /* Resources */,
			);
			buildRules = (
			);
			dependencies = (
			);
			name = Bustle;
			packageProductDependencies = (
				AD8F707C2A991EDD00356CBD /* Polyline */,
			);
			productName = Bustle;
			productReference = AD470F8A2A90030E0074A3E4 /* Bustle.app */;
			productType = "com.apple.product-type.application";
		};
/* End PBXNativeTarget section */

/* Begin PBXProject section */
		AD470F822A90030E0074A3E4 /* Project object */ = {
			isa = PBXProject;
			attributes = {
				BuildIndependentTargetsInParallel = 1;
				LastSwiftUpdateCheck = 1500;
				LastUpgradeCheck = 1500;
				TargetAttributes = {
					AD470F892A90030E0074A3E4 = {
						CreatedOnToolsVersion = 15.0;
					};
				};
			};
			buildConfigurationList = AD470F852A90030E0074A3E4 /* Build configuration list for PBXProject "Bustle" */;
			compatibilityVersion = "Xcode 14.0";
			developmentRegion = en;
			hasScannedForEncodings = 0;
			knownRegions = (
				en,
				Base,
			);
			mainGroup = AD470F812A90030E0074A3E4;
			packageReferences = (
				AD8F707B2A991EDD00356CBD /* XCRemoteSwiftPackageReference "Polyline" */,
			);
			productRefGroup = AD470F8B2A90030E0074A3E4 /* Products */;
			projectDirPath = "";
			projectRoot = "";
			targets = (
				AD470F892A90030E0074A3E4 /* Bustle */,
			);
		};
/* End PBXProject section */

/* Begin PBXResourcesBuildPhase section */
		AD470F882A90030E0074A3E4 /* Resources */ = {
			isa = PBXResourcesBuildPhase;
			buildActionMask = 2147483647;
			files = (
				AD470F962A9003110074A3E4 /* Preview Assets.xcassets in Resources */,
				AD470F922A9003110074A3E4 /* Assets.xcassets in Resources */,
			);
			runOnlyForDeploymentPostprocessing = 0;
		};
/* End PBXResourcesBuildPhase section */

/* Begin PBXSourcesBuildPhase section */
		AD470F862A90030E0074A3E4 /* Sources */ = {
			isa = PBXSourcesBuildPhase;
			buildActionMask = 2147483647;
			files = (
				AD8F70812A9940E700356CBD /* RouteRow.swift in Sources */,
				AD470FA62A9015800074A3E4 /* ApiError.swift in Sources */,
				AD8F707F2A992EA700356CBD /* ViewModel.swift in Sources */,
				AD470FA42A9015800074A3E4 /* GenericApi.swift in Sources */,
				AD9872C62A97A9040046C8A4 /* BusCountIcon.swift in Sources */,
				AD470F9D2A9014310074A3E4 /* Models.swift in Sources */,
				AD8F70832A9940FF00356CBD /* BusCountIcon.swift in Sources */,
				AD470FA52A9015800074A3E4 /* Client.swift in Sources */,
				AD470F902A90030E0074A3E4 /* ContentView.swift in Sources */,
				AD470F8E2A90030E0074A3E4 /* BustleApp.swift in Sources */,
				AD470FA82A9015D00074A3E4 /* Constants.swift in Sources */,
			);
			runOnlyForDeploymentPostprocessing = 0;
		};
/* End PBXSourcesBuildPhase section */

/* Begin XCBuildConfiguration section */
		AD470F972A9003110074A3E4 /* Debug */ = {
			isa = XCBuildConfiguration;
			buildSettings = {
				ALWAYS_SEARCH_USER_PATHS = NO;
				ASSETCATALOG_COMPILER_GENERATE_SWIFT_ASSET_SYMBOL_EXTENSIONS = YES;
				CLANG_ANALYZER_NONNULL = YES;
				CLANG_ANALYZER_NUMBER_OBJECT_CONVERSION = YES_AGGRESSIVE;
				CLANG_CXX_LANGUAGE_STANDARD = "gnu++20";
				CLANG_ENABLE_MODULES = YES;
				CLANG_ENABLE_OBJC_ARC = YES;
				CLANG_ENABLE_OBJC_WEAK = YES;
				CLANG_WARN_BLOCK_CAPTURE_AUTORELEASING = YES;
				CLANG_WARN_BOOL_CONVERSION = YES;
				CLANG_WARN_COMMA = YES;
				CLANG_WARN_CONSTANT_CONVERSION = YES;
				CLANG_WARN_DEPRECATED_OBJC_IMPLEMENTATIONS = YES;
				CLANG_WARN_DIRECT_OBJC_ISA_USAGE = YES_ERROR;
				CLANG_WARN_DOCUMENTATION_COMMENTS = YES;
				CLANG_WARN_EMPTY_BODY = YES;
				CLANG_WARN_ENUM_CONVERSION = YES;
				CLANG_WARN_INFINITE_RECURSION = YES;
				CLANG_WARN_INT_CONVERSION = YES;
				CLANG_WARN_NON_LITERAL_NULL_CONVERSION = YES;
				CLANG_WARN_OBJC_IMPLICIT_RETAIN_SELF = YES;
				CLANG_WARN_OBJC_LITERAL_CONVERSION = YES;
				CLANG_WARN_OBJC_ROOT_CLASS = YES_ERROR;
				CLANG_WARN_QUOTED_INCLUDE_IN_FRAMEWORK_HEADER = YES;
				CLANG_WARN_RANGE_LOOP_ANALYSIS = YES;
				CLANG_WARN_STRICT_PROTOTYPES = YES;
				CLANG_WARN_SUSPICIOUS_MOVE = YES;
				CLANG_WARN_UNGUARDED_AVAILABILITY = YES_AGGRESSIVE;
				CLANG_WARN_UNREACHABLE_CODE = YES;
				CLANG_WARN__DUPLICATE_METHOD_MATCH = YES;
				COPY_PHASE_STRIP = NO;
				DEBUG_INFORMATION_FORMAT = dwarf;
				ENABLE_STRICT_OBJC_MSGSEND = YES;
				ENABLE_TESTABILITY = YES;
				ENABLE_USER_SCRIPT_SANDBOXING = YES;
				GCC_C_LANGUAGE_STANDARD = gnu17;
				GCC_DYNAMIC_NO_PIC = NO;
				GCC_NO_COMMON_BLOCKS = YES;
				GCC_OPTIMIZATION_LEVEL = 0;
				GCC_PREPROCESSOR_DEFINITIONS = (
					"DEBUG=1",
					"$(inherited)",
				);
				GCC_WARN_64_TO_32_BIT_CONVERSION = YES;
				GCC_WARN_ABOUT_RETURN_TYPE = YES_ERROR;
				GCC_WARN_UNDECLARED_SELECTOR = YES;
				GCC_WARN_UNINITIALIZED_AUTOS = YES_AGGRESSIVE;
				GCC_WARN_UNUSED_FUNCTION = YES;
				GCC_WARN_UNUSED_VARIABLE = YES;
				LOCALIZATION_PREFERS_STRING_CATALOGS = YES;
				MTL_ENABLE_DEBUG_INFO = INCLUDE_SOURCE;
				MTL_FAST_MATH = YES;
				ONLY_ACTIVE_ARCH = YES;
				SWIFT_ACTIVE_COMPILATION_CONDITIONS = "DEBUG $(inherited)";
				SWIFT_OPTIMIZATION_LEVEL = "-Onone";
			};
			name = Debug;
		};
		AD470F982A9003110074A3E4 /* Release */ = {
			isa = XCBuildConfiguration;
			buildSettings = {
				ALWAYS_SEARCH_USER_PATHS = NO;
				ASSETCATALOG_COMPILER_GENERATE_SWIFT_ASSET_SYMBOL_EXTENSIONS = YES;
				CLANG_ANALYZER_NONNULL = YES;
				CLANG_ANALYZER_NUMBER_OBJECT_CONVERSION = YES_AGGRESSIVE;
				CLANG_CXX_LANGUAGE_STANDARD = "gnu++20";
				CLANG_ENABLE_MODULES = YES;
				CLANG_ENABLE_OBJC_ARC = YES;
				CLANG_ENABLE_OBJC_WEAK = YES;
				CLANG_WARN_BLOCK_CAPTURE_AUTORELEASING = YES;
				CLANG_WARN_BOOL_CONVERSION = YES;
				CLANG_WARN_COMMA = YES;
				CLANG_WARN_CONSTANT_CONVERSION = YES;
				CLANG_WARN_DEPRECATED_OBJC_IMPLEMENTATIONS = YES;
				CLANG_WARN_DIRECT_OBJC_ISA_USAGE = YES_ERROR;
				CLANG_WARN_DOCUMENTATION_COMMENTS = YES;
				CLANG_WARN_EMPTY_BODY = YES;
				CLANG_WARN_ENUM_CONVERSION = YES;
				CLANG_WARN_INFINITE_RECURSION = YES;
				CLANG_WARN_INT_CONVERSION = YES;
				CLANG_WARN_NON_LITERAL_NULL_CONVERSION = YES;
				CLANG_WARN_OBJC_IMPLICIT_RETAIN_SELF = YES;
				CLANG_WARN_OBJC_LITERAL_CONVERSION = YES;
				CLANG_WARN_OBJC_ROOT_CLASS = YES_ERROR;
				CLANG_WARN_QUOTED_INCLUDE_IN_FRAMEWORK_HEADER = YES;
				CLANG_WARN_RANGE_LOOP_ANALYSIS = YES;
				CLANG_WARN_STRICT_PROTOTYPES = YES;
				CLANG_WARN_SUSPICIOUS_MOVE = YES;
				CLANG_WARN_UNGUARDED_AVAILABILITY = YES_AGGRESSIVE;
				CLANG_WARN_UNREACHABLE_CODE = YES;
				CLANG_WARN__DUPLICATE_METHOD_MATCH = YES;
				COPY_PHASE_STRIP = NO;
				DEBUG_INFORMATION_FORMAT = "dwarf-with-dsym";
				ENABLE_NS_ASSERTIONS = NO;
				ENABLE_STRICT_OBJC_MSGSEND = YES;
				ENABLE_USER_SCRIPT_SANDBOXING = YES;
				GCC_C_LANGUAGE_STANDARD = gnu17;
				GCC_NO_COMMON_BLOCKS = YES;
				GCC_WARN_64_TO_32_BIT_CONVERSION = YES;
				GCC_WARN_ABOUT_RETURN_TYPE = YES_ERROR;
				GCC_WARN_UNDECLARED_SELECTOR = YES;
				GCC_WARN_UNINITIALIZED_AUTOS = YES_AGGRESSIVE;
				GCC_WARN_UNUSED_FUNCTION = YES;
				GCC_WARN_UNUSED_VARIABLE = YES;
				LOCALIZATION_PREFERS_STRING_CATALOGS = YES;
				MTL_ENABLE_DEBUG_INFO = NO;
				MTL_FAST_MATH = YES;
				SWIFT_COMPILATION_MODE = wholemodule;
			};
			name = Release;
		};
		AD470F9A2A9003110074A3E4 /* Debug */ = {
			isa = XCBuildConfiguration;
			buildSettings = {
				ASSETCATALOG_COMPILER_APPICON_NAME = AppIcon;
				ASSETCATALOG_COMPILER_GLOBAL_ACCENT_COLOR_NAME = AccentColor;
				CODE_SIGN_ENTITLEMENTS = Bustle/Bustle.entitlements;
				CODE_SIGN_STYLE = Automatic;
				CURRENT_PROJECT_VERSION = 1;
				DEVELOPMENT_ASSET_PATHS = "\"Bustle/Preview Content\"";
				DEVELOPMENT_TEAM = DASQ93PW85;
				ENABLE_HARDENED_RUNTIME = YES;
				ENABLE_PREVIEWS = YES;
				GENERATE_INFOPLIST_FILE = YES;
				"INFOPLIST_KEY_UIApplicationSceneManifest_Generation[sdk=iphoneos*]" = YES;
				"INFOPLIST_KEY_UIApplicationSceneManifest_Generation[sdk=iphonesimulator*]" = YES;
				"INFOPLIST_KEY_UIApplicationSupportsIndirectInputEvents[sdk=iphoneos*]" = YES;
				"INFOPLIST_KEY_UIApplicationSupportsIndirectInputEvents[sdk=iphonesimulator*]" = YES;
				"INFOPLIST_KEY_UILaunchScreen_Generation[sdk=iphoneos*]" = YES;
				"INFOPLIST_KEY_UILaunchScreen_Generation[sdk=iphonesimulator*]" = YES;
				"INFOPLIST_KEY_UIStatusBarStyle[sdk=iphoneos*]" = UIStatusBarStyleDefault;
				"INFOPLIST_KEY_UIStatusBarStyle[sdk=iphonesimulator*]" = UIStatusBarStyleDefault;
				INFOPLIST_KEY_UISupportedInterfaceOrientations_iPad = "UIInterfaceOrientationPortrait UIInterfaceOrientationPortraitUpsideDown UIInterfaceOrientationLandscapeLeft UIInterfaceOrientationLandscapeRight";
				INFOPLIST_KEY_UISupportedInterfaceOrientations_iPhone = "UIInterfaceOrientationPortrait UIInterfaceOrientationLandscapeLeft UIInterfaceOrientationLandscapeRight";
				IPHONEOS_DEPLOYMENT_TARGET = 17.0;
				LD_RUNPATH_SEARCH_PATHS = "@executable_path/Frameworks";
				"LD_RUNPATH_SEARCH_PATHS[sdk=macosx*]" = "@executable_path/../Frameworks";
				MACOSX_DEPLOYMENT_TARGET = 13.5;
				MARKETING_VERSION = 1.0;
				PRODUCT_BUNDLE_IDENTIFIER = com.brehmit.Bustle;
				PRODUCT_NAME = "$(TARGET_NAME)";
				SDKROOT = auto;
				SUPPORTED_PLATFORMS = "iphoneos iphonesimulator macosx";
				SWIFT_EMIT_LOC_STRINGS = YES;
				SWIFT_VERSION = 5.0;
				TARGETED_DEVICE_FAMILY = "1,2";
			};
			name = Debug;
		};
		AD470F9B2A9003110074A3E4 /* Release */ = {
			isa = XCBuildConfiguration;
			buildSettings = {
				ASSETCATALOG_COMPILER_APPICON_NAME = AppIcon;
				ASSETCATALOG_COMPILER_GLOBAL_ACCENT_COLOR_NAME = AccentColor;
				CODE_SIGN_ENTITLEMENTS = Bustle/Bustle.entitlements;
				CODE_SIGN_STYLE = Automatic;
				CURRENT_PROJECT_VERSION = 1;
				DEVELOPMENT_ASSET_PATHS = "\"Bustle/Preview Content\"";
				DEVELOPMENT_TEAM = DASQ93PW85;
				ENABLE_HARDENED_RUNTIME = YES;
				ENABLE_PREVIEWS = YES;
				GENERATE_INFOPLIST_FILE = YES;
				"INFOPLIST_KEY_UIApplicationSceneManifest_Generation[sdk=iphoneos*]" = YES;
				"INFOPLIST_KEY_UIApplicationSceneManifest_Generation[sdk=iphonesimulator*]" = YES;
				"INFOPLIST_KEY_UIApplicationSupportsIndirectInputEvents[sdk=iphoneos*]" = YES;
				"INFOPLIST_KEY_UIApplicationSupportsIndirectInputEvents[sdk=iphonesimulator*]" = YES;
				"INFOPLIST_KEY_UILaunchScreen_Generation[sdk=iphoneos*]" = YES;
				"INFOPLIST_KEY_UILaunchScreen_Generation[sdk=iphonesimulator*]" = YES;
				"INFOPLIST_KEY_UIStatusBarStyle[sdk=iphoneos*]" = UIStatusBarStyleDefault;
				"INFOPLIST_KEY_UIStatusBarStyle[sdk=iphonesimulator*]" = UIStatusBarStyleDefault;
				INFOPLIST_KEY_UISupportedInterfaceOrientations_iPad = "UIInterfaceOrientationPortrait UIInterfaceOrientationPortraitUpsideDown UIInterfaceOrientationLandscapeLeft UIInterfaceOrientationLandscapeRight";
				INFOPLIST_KEY_UISupportedInterfaceOrientations_iPhone = "UIInterfaceOrientationPortrait UIInterfaceOrientationLandscapeLeft UIInterfaceOrientationLandscapeRight";
				IPHONEOS_DEPLOYMENT_TARGET = 17.0;
				LD_RUNPATH_SEARCH_PATHS = "@executable_path/Frameworks";
				"LD_RUNPATH_SEARCH_PATHS[sdk=macosx*]" = "@executable_path/../Frameworks";
				MACOSX_DEPLOYMENT_TARGET = 13.5;
				MARKETING_VERSION = 1.0;
				PRODUCT_BUNDLE_IDENTIFIER = com.brehmit.Bustle;
				PRODUCT_NAME = "$(TARGET_NAME)";
				SDKROOT = auto;
				SUPPORTED_PLATFORMS = "iphoneos iphonesimulator macosx";
				SWIFT_EMIT_LOC_STRINGS = YES;
				SWIFT_VERSION = 5.0;
				TARGETED_DEVICE_FAMILY = "1,2";
			};
			name = Release;
		};
/* End XCBuildConfiguration section */

/* Begin XCConfigurationList section */
		AD470F852A90030E0074A3E4 /* Build configuration list for PBXProject "Bustle" */ = {
			isa = XCConfigurationList;
			buildConfigurations = (
				AD470F972A9003110074A3E4 /* Debug */,
				AD470F982A9003110074A3E4 /* Release */,
			);
			defaultConfigurationIsVisible = 0;
			defaultConfigurationName = Release;
		};
		AD470F992A9003110074A3E4 /* Build configuration list for PBXNativeTarget "Bustle" */ = {
			isa = XCConfigurationList;
			buildConfigurations = (
				AD470F9A2A9003110074A3E4 /* Debug */,
				AD470F9B2A9003110074A3E4 /* Release */,
			);
			defaultConfigurationIsVisible = 0;
			defaultConfigurationName = Release;
		};
/* End XCConfigurationList section */

/* Begin XCRemoteSwiftPackageReference section */
		AD8F707B2A991EDD00356CBD /* XCRemoteSwiftPackageReference "Polyline" */ = {
			isa = XCRemoteSwiftPackageReference;
			repositoryURL = "https://github.com/raphaelmor/Polyline.git";
			requirement = {
				kind = upToNextMajorVersion;
				minimumVersion = 5.1.0;
			};
		};
/* End XCRemoteSwiftPackageReference section */

/* Begin XCSwiftPackageProductDependency section */
		AD8F707C2A991EDD00356CBD /* Polyline */ = {
			isa = XCSwiftPackageProductDependency;
			package = AD8F707B2A991EDD00356CBD /* XCRemoteSwiftPackageReference "Polyline" */;
			productName = Polyline;
		};
/* End XCSwiftPackageProductDependency section */
	};
	rootObject = AD470F822A90030E0074A3E4 /* Project object */;
}
